// !$*UTF8*$!
{
	archiveVersion = 1;
	classes = {
	};
	objectVersion = 56;
	objects = {

/* Begin PBXBuildFile section */
		84308688295B317C0028238A /* AppDelegate.swift in Sources */ = {isa = PBXBuildFile; fileRef = 84308687295B317C0028238A /* AppDelegate.swift */; };
		8430868A295B317C0028238A /* SceneDelegate.swift in Sources */ = {isa = PBXBuildFile; fileRef = 84308689295B317C0028238A /* SceneDelegate.swift */; };
		8430868F295B317C0028238A /* Main.storyboard in Resources */ = {isa = PBXBuildFile; fileRef = 8430868D295B317C0028238A /* Main.storyboard */; };
		84308691295B317F0028238A /* Assets.xcassets in Resources */ = {isa = PBXBuildFile; fileRef = 84308690295B317F0028238A /* Assets.xcassets */; };
		84308694295B317F0028238A /* LaunchScreen.storyboard in Resources */ = {isa = PBXBuildFile; fileRef = 84308692295B317F0028238A /* LaunchScreen.storyboard */; };
		8430869C295B33CC0028238A /* HomeCameraViewController.swift in Sources */ = {isa = PBXBuildFile; fileRef = 8430869B295B33CC0028238A /* HomeCameraViewController.swift */; };
		8430869F295B41510028238A /* HomeCameraBrain.swift in Sources */ = {isa = PBXBuildFile; fileRef = 8430869E295B41510028238A /* HomeCameraBrain.swift */; };
		843086A2295CA6930028238A /* UIImage+fixOrientation.swift in Sources */ = {isa = PBXBuildFile; fileRef = 843086A1295CA6930028238A /* UIImage+fixOrientation.swift */; };
/* End PBXBuildFile section */

/* Begin PBXFileReference section */
		84308684295B317C0028238A /* PestanyasYDelegados.app */ = {isa = PBXFileReference; explicitFileType = wrapper.application; includeInIndex = 0; path = PestanyasYDelegados.app; sourceTree = BUILT_PRODUCTS_DIR; };
		84308687295B317C0028238A /* AppDelegate.swift */ = {isa = PBXFileReference; lastKnownFileType = sourcecode.swift; path = AppDelegate.swift; sourceTree = "<group>"; };
		84308689295B317C0028238A /* SceneDelegate.swift */ = {isa = PBXFileReference; lastKnownFileType = sourcecode.swift; path = SceneDelegate.swift; sourceTree = "<group>"; };
		8430868E295B317C0028238A /* Base */ = {isa = PBXFileReference; lastKnownFileType = file.storyboard; name = Base; path = Base.lproj/Main.storyboard; sourceTree = "<group>"; };
		84308690295B317F0028238A /* Assets.xcassets */ = {isa = PBXFileReference; lastKnownFileType = folder.assetcatalog; path = Assets.xcassets; sourceTree = "<group>"; };
		84308693295B317F0028238A /* Base */ = {isa = PBXFileReference; lastKnownFileType = file.storyboard; name = Base; path = Base.lproj/LaunchScreen.storyboard; sourceTree = "<group>"; };
		84308695295B317F0028238A /* Info.plist */ = {isa = PBXFileReference; lastKnownFileType = text.plist.xml; path = Info.plist; sourceTree = "<group>"; };
		8430869B295B33CC0028238A /* HomeCameraViewController.swift */ = {isa = PBXFileReference; lastKnownFileType = sourcecode.swift; path = HomeCameraViewController.swift; sourceTree = "<group>"; };
		8430869E295B41510028238A /* HomeCameraBrain.swift */ = {isa = PBXFileReference; lastKnownFileType = sourcecode.swift; path = HomeCameraBrain.swift; sourceTree = "<group>"; };
		843086A1295CA6930028238A /* UIImage+fixOrientation.swift */ = {isa = PBXFileReference; lastKnownFileType = sourcecode.swift; path = "UIImage+fixOrientation.swift"; sourceTree = "<group>"; };
/* End PBXFileReference section */

/* Begin PBXFrameworksBuildPhase section */
		84308681295B317C0028238A /* Frameworks */ = {
			isa = PBXFrameworksBuildPhase;
			buildActionMask = 2147483647;
			files = (
			);
			runOnlyForDeploymentPostprocessing = 0;
		};
/* End PBXFrameworksBuildPhase section */

/* Begin PBXGroup section */
		8430867B295B317B0028238A = {
			isa = PBXGroup;
			children = (
				84308686295B317C0028238A /* PestanyasYDelegados */,
				84308685295B317C0028238A /* Products */,
			);
			sourceTree = "<group>";
		};
		84308685295B317C0028238A /* Products */ = {
			isa = PBXGroup;
			children = (
				84308684295B317C0028238A /* PestanyasYDelegados.app */,
			);
			name = Products;
			sourceTree = "<group>";
		};
		84308686295B317C0028238A /* PestanyasYDelegados */ = {
			isa = PBXGroup;
			children = (
				843086A0295CA5AF0028238A /* Common */,
				8430869D295B34170028238A /* Camera */,
				84308687295B317C0028238A /* AppDelegate.swift */,
				84308689295B317C0028238A /* SceneDelegate.swift */,
				8430868D295B317C0028238A /* Main.storyboard */,
				84308690295B317F0028238A /* Assets.xcassets */,
				84308692295B317F0028238A /* LaunchScreen.storyboard */,
				84308695295B317F0028238A /* Info.plist */,
			);
			path = PestanyasYDelegados;
			sourceTree = "<group>";
		};
		8430869D295B34170028238A /* Camera */ = {
			isa = PBXGroup;
			children = (
				8430869B295B33CC0028238A /* HomeCameraViewController.swift */,
				8430869E295B41510028238A /* HomeCameraBrain.swift */,
			);
			path = Camera;
			sourceTree = "<group>";
		};
		843086A0295CA5AF0028238A /* Common */ = {
			isa = PBXGroup;
			children = (
				843086A1295CA6930028238A /* UIImage+fixOrientation.swift */,
			);
			path = Common;
			sourceTree = "<group>";
		};
/* End PBXGroup section */

/* Begin PBXNativeTarget section */
		84308683295B317C0028238A /* PestanyasYDelegados */ = {
			isa = PBXNativeTarget;
			buildConfigurationList = 84308698295B317F0028238A /* Build configuration list for PBXNativeTarget "PestanyasYDelegados" */;
			buildPhases = (
				84308680295B317C0028238A /* Sources */,
				84308681295B317C0028238A /* Frameworks */,
				84308682295B317C0028238A /* Resources */,
			);
			buildRules = (
			);
			dependencies = (
			);
			name = PestanyasYDelegados;
			productName = PestanyasYDelegados;
			productReference = 84308684295B317C0028238A /* PestanyasYDelegados.app */;
			productType = "com.apple.product-type.application";
		};
/* End PBXNativeTarget section */

/* Begin PBXProject section */
		8430867C295B317B0028238A /* Project object */ = {
			isa = PBXProject;
			attributes = {
				BuildIndependentTargetsInParallel = 1;
				LastSwiftUpdateCheck = 1410;
				LastUpgradeCheck = 1410;
				TargetAttributes = {
					84308683295B317C0028238A = {
						CreatedOnToolsVersion = 14.1;
					};
				};
			};
			buildConfigurationList = 8430867F295B317B0028238A /* Build configuration list for PBXProject "PestanyasYDelegados" */;
			compatibilityVersion = "Xcode 14.0";
			developmentRegion = en;
			hasScannedForEncodings = 0;
			knownRegions = (
				en,
				Base,
			);
			mainGroup = 8430867B295B317B0028238A;
			productRefGroup = 84308685295B317C0028238A /* Products */;
			projectDirPath = "";
			projectRoot = "";
			targets = (
				84308683295B317C0028238A /* PestanyasYDelegados */,
			);
		};
/* End PBXProject section */

/* Begin PBXResourcesBuildPhase section */
		84308682295B317C0028238A /* Resources */ = {
			isa = PBXResourcesBuildPhase;
			buildActionMask = 2147483647;
			files = (
				84308694295B317F0028238A /* LaunchScreen.storyboard in Resources */,
				84308691295B317F0028238A /* Assets.xcassets in Resources */,
				8430868F295B317C0028238A /* Main.storyboard in Resources */,
			);
			runOnlyForDeploymentPostprocessing = 0;
		};
/* End PBXResourcesBuildPhase section */

/* Begin PBXSourcesBuildPhase section */
		84308680295B317C0028238A /* Sources */ = {
			isa = PBXSourcesBuildPhase;
			buildActionMask = 2147483647;
			files = (
				84308688295B317C0028238A /* AppDelegate.swift in Sources */,
				843086A2295CA6930028238A /* UIImage+fixOrientation.swift in Sources */,
				8430869C295B33CC0028238A /* HomeCameraViewController.swift in Sources */,
				8430869F295B41510028238A /* HomeCameraBrain.swift in Sources */,
				8430868A295B317C0028238A /* SceneDelegate.swift in Sources */,
			);
			runOnlyForDeploymentPostprocessing = 0;
		};
/* End PBXSourcesBuildPhase section */

/* Begin PBXVariantGroup section */
		8430868D295B317C0028238A /* Main.storyboard */ = {
			isa = PBXVariantGroup;
			children = (
				8430868E295B317C0028238A /* Base */,
			);
			name = Main.storyboard;
			sourceTree = "<group>";
		};
		84308692295B317F0028238A /* LaunchScreen.storyboard */ = {
			isa = PBXVariantGroup;
			children = (
				84308693295B317F0028238A /* Base */,
			);
			name = LaunchScreen.storyboard;
			sourceTree = "<group>";
		};
/* End PBXVariantGroup section */

/* Begin XCBuildConfiguration section */
		84308696295B317F0028238A /* Debug */ = {
			isa = XCBuildConfiguration;
			buildSettings = {
				ALWAYS_SEARCH_USER_PATHS = NO;
				CLANG_ANALYZER_NONNULL = YES;
				CLANG_ANALYZER_NUMBER_OBJECT_CONVERSION = YES_AGGRESSIVE;
				CLANG_CXX_LANGUAGE_STANDARD = "gnu++20";
				CLANG_ENABLE_MODULES = YES;
				CLANG_ENABLE_OBJC_ARC = YES;
				CLANG_ENABLE_OBJC_WEAK = YES;
				CLANG_WARN_BLOCK_CAPTURE_AUTORELEASING = YES;
				CLANG_WARN_BOOL_CONVERSION = YES;
				CLANG_WARN_COMMA = YES;
				CLANG_WARN_CONSTANT_CONVERSION = YES;
				CLANG_WARN_DEPRECATED_OBJC_IMPLEMENTATIONS = YES;
				CLANG_WARN_DIRECT_OBJC_ISA_USAGE = YES_ERROR;
				CLANG_WARN_DOCUMENTATION_COMMENTS = YES;
				CLANG_WARN_EMPTY_BODY = YES;
				CLANG_WARN_ENUM_CONVERSION = YES;
				CLANG_WARN_INFINITE_RECURSION = YES;
				CLANG_WARN_INT_CONVERSION = YES;
				CLANG_WARN_NON_LITERAL_NULL_CONVERSION = YES;
				CLANG_WARN_OBJC_IMPLICIT_RETAIN_SELF = YES;
				CLANG_WARN_OBJC_LITERAL_CONVERSION = YES;
				CLANG_WARN_OBJC_ROOT_CLASS = YES_ERROR;
				CLANG_WARN_QUOTED_INCLUDE_IN_FRAMEWORK_HEADER = YES;
				CLANG_WARN_RANGE_LOOP_ANALYSIS = YES;
				CLANG_WARN_STRICT_PROTOTYPES = YES;
				CLANG_WARN_SUSPICIOUS_MOVE = YES;
				CLANG_WARN_UNGUARDED_AVAILABILITY = YES_AGGRESSIVE;
				CLANG_WARN_UNREACHABLE_CODE = YES;
				CLANG_WARN__DUPLICATE_METHOD_MATCH = YES;
				COPY_PHASE_STRIP = NO;
				DEBUG_INFORMATION_FORMAT = dwarf;
				ENABLE_STRICT_OBJC_MSGSEND = YES;
				ENABLE_TESTABILITY = YES;
				GCC_C_LANGUAGE_STANDARD = gnu11;
				GCC_DYNAMIC_NO_PIC = NO;
				GCC_NO_COMMON_BLOCKS = YES;
				GCC_OPTIMIZATION_LEVEL = 0;
				GCC_PREPROCESSOR_DEFINITIONS = (
					"DEBUG=1",
					"$(inherited)",
				);
				GCC_WARN_64_TO_32_BIT_CONVERSION = YES;
				GCC_WARN_ABOUT_RETURN_TYPE = YES_ERROR;
				GCC_WARN_UNDECLARED_SELECTOR = YES;
				GCC_WARN_UNINITIALIZED_AUTOS = YES_AGGRESSIVE;
				GCC_WARN_UNUSED_FUNCTION = YES;
				GCC_WARN_UNUSED_VARIABLE = YES;
				IPHONEOS_DEPLOYMENT_TARGET = 16.1;
				MTL_ENABLE_DEBUG_INFO = INCLUDE_SOURCE;
				MTL_FAST_MATH = YES;
				ONLY_ACTIVE_ARCH = YES;
				SDKROOT = iphoneos;
				SWIFT_ACTIVE_COMPILATION_CONDITIONS = DEBUG;
				SWIFT_OPTIMIZATION_LEVEL = "-Onone";
			};
			name = Debug;
		};
		84308697295B317F0028238A /* Release */ = {
			isa = XCBuildConfiguration;
			buildSettings = {
				ALWAYS_SEARCH_USER_PATHS = NO;
				CLANG_ANALYZER_NONNULL = YES;
				CLANG_ANALYZER_NUMBER_OBJECT_CONVERSION = YES_AGGRESSIVE;
				CLANG_CXX_LANGUAGE_STANDARD = "gnu++20";
				CLANG_ENABLE_MODULES = YES;
				CLANG_ENABLE_OBJC_ARC = YES;
				CLANG_ENABLE_OBJC_WEAK = YES;
				CLANG_WARN_BLOCK_CAPTURE_AUTORELEASING = YES;
				CLANG_WARN_BOOL_CONVERSION = YES;
				CLANG_WARN_COMMA = YES;
				CLANG_WARN_CONSTANT_CONVERSION = YES;
				CLANG_WARN_DEPRECATED_OBJC_IMPLEMENTATIONS = YES;
				CLANG_WARN_DIRECT_OBJC_ISA_USAGE = YES_ERROR;
				CLANG_WARN_DOCUMENTATION_COMMENTS = YES;
				CLANG_WARN_EMPTY_BODY = YES;
				CLANG_WARN_ENUM_CONVERSION = YES;
				CLANG_WARN_INFINITE_RECURSION = YES;
				CLANG_WARN_INT_CONVERSION = YES;
				CLANG_WARN_NON_LITERAL_NULL_CONVERSION = YES;
				CLANG_WARN_OBJC_IMPLICIT_RETAIN_SELF = YES;
				CLANG_WARN_OBJC_LITERAL_CONVERSION = YES;
				CLANG_WARN_OBJC_ROOT_CLASS = YES_ERROR;
				CLANG_WARN_QUOTED_INCLUDE_IN_FRAMEWORK_HEADER = YES;
				CLANG_WARN_RANGE_LOOP_ANALYSIS = YES;
				CLANG_WARN_STRICT_PROTOTYPES = YES;
				CLANG_WARN_SUSPICIOUS_MOVE = YES;
				CLANG_WARN_UNGUARDED_AVAILABILITY = YES_AGGRESSIVE;
				CLANG_WARN_UNREACHABLE_CODE = YES;
				CLANG_WARN__DUPLICATE_METHOD_MATCH = YES;
				COPY_PHASE_STRIP = NO;
				DEBUG_INFORMATION_FORMAT = "dwarf-with-dsym";
				ENABLE_NS_ASSERTIONS = NO;
				ENABLE_STRICT_OBJC_MSGSEND = YES;
				GCC_C_LANGUAGE_STANDARD = gnu11;
				GCC_NO_COMMON_BLOCKS = YES;
				GCC_WARN_64_TO_32_BIT_CONVERSION = YES;
				GCC_WARN_ABOUT_RETURN_TYPE = YES_ERROR;
				GCC_WARN_UNDECLARED_SELECTOR = YES;
				GCC_WARN_UNINITIALIZED_AUTOS = YES_AGGRESSIVE;
				GCC_WARN_UNUSED_FUNCTION = YES;
				GCC_WARN_UNUSED_VARIABLE = YES;
				IPHONEOS_DEPLOYMENT_TARGET = 16.1;
				MTL_ENABLE_DEBUG_INFO = NO;
				MTL_FAST_MATH = YES;
				SDKROOT = iphoneos;
				SWIFT_COMPILATION_MODE = wholemodule;
				SWIFT_OPTIMIZATION_LEVEL = "-O";
				VALIDATE_PRODUCT = YES;
			};
			name = Release;
		};
		84308699295B317F0028238A /* Debug */ = {
			isa = XCBuildConfiguration;
			buildSettings = {
				ASSETCATALOG_COMPILER_APPICON_NAME = AppIcon;
				ASSETCATALOG_COMPILER_GLOBAL_ACCENT_COLOR_NAME = AccentColor;
				CODE_SIGN_STYLE = Automatic;
				CURRENT_PROJECT_VERSION = 1;
				DEVELOPMENT_TEAM = 85G7CTGPPS;
				GENERATE_INFOPLIST_FILE = YES;
				INFOPLIST_FILE = PestanyasYDelegados/Info.plist;
				INFOPLIST_KEY_UIApplicationSupportsIndirectInputEvents = YES;
				INFOPLIST_KEY_UILaunchStoryboardName = LaunchScreen;
				INFOPLIST_KEY_UIMainStoryboardFile = Main;
				INFOPLIST_KEY_UISupportedInterfaceOrientations_iPad = "UIInterfaceOrientationPortrait UIInterfaceOrientationPortraitUpsideDown UIInterfaceOrientationLandscapeLeft UIInterfaceOrientationLandscapeRight";
				INFOPLIST_KEY_UISupportedInterfaceOrientations_iPhone = "UIInterfaceOrientationPortrait UIInterfaceOrientationLandscapeLeft UIInterfaceOrientationLandscapeRight";
				LD_RUNPATH_SEARCH_PATHS = (
					"$(inherited)",
					"@executable_path/Frameworks",
				);
				MARKETING_VERSION = 1.0;
				PRODUCT_BUNDLE_IDENTIFIER = me.teodoro.calle.PestanyasYDelegados;
				PRODUCT_NAME = "$(TARGET_NAME)";
				SWIFT_EMIT_LOC_STRINGS = YES;
				SWIFT_VERSION = 5.0;
				TARGETED_DEVICE_FAMILY = "1,2";
			};
			name = Debug;
		};
		8430869A295B317F0028238A /* Release */ = {
			isa = XCBuildConfiguration;
			buildSettings = {
				ASSETCATALOG_COMPILER_APPICON_NAME = AppIcon;
				ASSETCATALOG_COMPILER_GLOBAL_ACCENT_COLOR_NAME = AccentColor;
				CODE_SIGN_STYLE = Automatic;
				CURRENT_PROJECT_VERSION = 1;
				DEVELOPMENT_TEAM = 85G7CTGPPS;
				GENERATE_INFOPLIST_FILE = YES;
				INFOPLIST_FILE = PestanyasYDelegados/Info.plist;
				INFOPLIST_KEY_UIApplicationSupportsIndirectInputEvents = YES;
				INFOPLIST_KEY_UILaunchStoryboardName = LaunchScreen;
				INFOPLIST_KEY_UIMainStoryboardFile = Main;
				INFOPLIST_KEY_UISupportedInterfaceOrientations_iPad = "UIInterfaceOrientationPortrait UIInterfaceOrientationPortraitUpsideDown UIInterfaceOrientationLandscapeLeft UIInterfaceOrientationLandscapeRight";
				INFOPLIST_KEY_UISupportedInterfaceOrientations_iPhone = "UIInterfaceOrientationPortrait UIInterfaceOrientationLandscapeLeft UIInterfaceOrientationLandscapeRight";
				LD_RUNPATH_SEARCH_PATHS = (
					"$(inherited)",
					"@executable_path/Frameworks",
				);
				MARKETING_VERSION = 1.0;
				PRODUCT_BUNDLE_IDENTIFIER = me.teodoro.calle.PestanyasYDelegados;
				PRODUCT_NAME = "$(TARGET_NAME)";
				SWIFT_EMIT_LOC_STRINGS = YES;
				SWIFT_VERSION = 5.0;
				TARGETED_DEVICE_FAMILY = "1,2";
			};
			name = Release;
		};
/* End XCBuildConfiguration section */

/* Begin XCConfigurationList section */
		8430867F295B317B0028238A /* Build configuration list for PBXProject "PestanyasYDelegados" */ = {
			isa = XCConfigurationList;
			buildConfigurations = (
				84308696295B317F0028238A /* Debug */,
				84308697295B317F0028238A /* Release */,
			);
			defaultConfigurationIsVisible = 0;
			defaultConfigurationName = Release;
		};
		84308698295B317F0028238A /* Build configuration list for PBXNativeTarget "PestanyasYDelegados" */ = {
			isa = XCConfigurationList;
			buildConfigurations = (
				84308699295B317F0028238A /* Debug */,
				8430869A295B317F0028238A /* Release */,
			);
			defaultConfigurationIsVisible = 0;
			defaultConfigurationName = Release;
		};
/* End XCConfigurationList section */
	};
	rootObject = 8430867C295B317B0028238A /* Project object */;
}
